
Microsoft Visual Studio Solution File, Format Version 12.00
# Visual Studio Version 17
VisualStudioVersion = 17.1.32328.378
MinimumVisualStudioVersion = 10.0.40219.1
Project("{FAE04EC0-301F-11D3-BF4B-00C04F79EFBC}") = "WeGrow", "WeGrow\WeGrow.csproj", "{A63D6DF0-A816-4AC3-8668-294F85E1704C}"
EndProject
Project("{FAE04EC0-301F-11D3-BF4B-00C04F79EFBC}") = "WeGrow.DAL", "WeGrow.DAL\WeGrow.DAL.csproj", "{14E7FE34-AC83-46C2-A4C8-FED934B12676}"
EndProject
Project("{FAE04EC0-301F-11D3-BF4B-00C04F79EFBC}") = "WeGrow.Auth", "WeGrow.Auth\WeGrow.Auth.csproj", "{D39905A1-35F1-41C0-BF86-E7F207DB8384}"
EndProject
Global
	GlobalSection(SolutionConfigurationPlatforms) = preSolution
		Debug|Any CPU = Debug|Any CPU
		Release|Any CPU = Release|Any CPU
	EndGlobalSection
	GlobalSection(ProjectConfigurationPlatforms) = postSolution
		{A63D6DF0-A816-4AC3-8668-294F85E1704C}.Debug|Any CPU.ActiveCfg = Debug|Any CPU
		{A63D6DF0-A816-4AC3-8668-294F85E1704C}.Debug|Any CPU.Build.0 = Debug|Any CPU
		{A63D6DF0-A816-4AC3-8668-294F85E1704C}.Release|Any CPU.ActiveCfg = Release|Any CPU
		{A63D6DF0-A816-4AC3-8668-294F85E1704C}.Release|Any CPU.Build.0 = Release|Any CPU
		{14E7FE34-AC83-46C2-A4C8-FED934B12676}.Debug|Any CPU.ActiveCfg = Debug|Any CPU
		{14E7FE34-AC83-46C2-A4C8-FED934B12676}.Debug|Any CPU.Build.0 = Debug|Any CPU
		{14E7FE34-AC83-46C2-A4C8-FED934B12676}.Release|Any CPU.ActiveCfg = Release|Any CPU
		{14E7FE34-AC83-46C2-A4C8-FED934B12676}.Release|Any CPU.Build.0 = Release|Any CPU
		{D39905A1-35F1-41C0-BF86-E7F207DB8384}.Debug|Any CPU.ActiveCfg = Debug|Any CPU
		{D39905A1-35F1-41C0-BF86-E7F207DB8384}.Debug|Any CPU.Build.0 = Debug|Any CPU
		{D39905A1-35F1-41C0-BF86-E7F207DB8384}.Release|Any CPU.ActiveCfg = Release|Any CPU
		{D39905A1-35F1-41C0-BF86-E7F207DB8384}.Release|Any CPU.Build.0 = Release|Any CPU
	EndGlobalSection
	GlobalSection(SolutionProperties) = preSolution
		HideSolutionNode = FALSE
	EndGlobalSection
	GlobalSection(ExtensibilityGlobals) = postSolution
		SolutionGuid = {CFAE0BE2-AAF7-4EBF-91F0-3B1338B6B14D}
	EndGlobalSection
EndGlobal
